
Microsoft Visual Studio Solution File, Format Version 12.00
# Visual Studio Version 16
VisualStudioVersion = 16.0.30523.141
MinimumVisualStudioVersion = 10.0.40219.1
Project("{FAE04EC0-301F-11D3-BF4B-00C04F79EFBC}") = "WebApplicationPwsz", "WebApplicationPwsz.csproj", "{47712731-AFF3-4DE9-8BF9-62E3F0490767}"
EndProject
Global
	GlobalSection(SolutionConfigurationPlatforms) = preSolution
		Debug|Any CPU = Debug|Any CPU
		Release|Any CPU = Release|Any CPU
	EndGlobalSection
	GlobalSection(ProjectConfigurationPlatforms) = postSolution
		{47712731-AFF3-4DE9-8BF9-62E3F0490767}.Debug|Any CPU.ActiveCfg = Debug|Any CPU
		{47712731-AFF3-4DE9-8BF9-62E3F0490767}.Debug|Any CPU.Build.0 = Debug|Any CPU
		{47712731-AFF3-4DE9-8BF9-62E3F0490767}.Release|Any CPU.ActiveCfg = Release|Any CPU
		{47712731-AFF3-4DE9-8BF9-62E3F0490767}.Release|Any CPU.Build.0 = Release|Any CPU
	EndGlobalSection
	GlobalSection(SolutionProperties) = preSolution
		HideSolutionNode = FALSE
	EndGlobalSection
	GlobalSection(ExtensibilityGlobals) = postSolution
		SolutionGuid = {8BE05BCD-F9A7-4DA6-B696-3389CC7DEAB2}
	EndGlobalSection
EndGlobal
